Microsoft Visual Studio Solution File, Format Version 11.00
# Visual Studio 2010
Project("{E097FAD1-6243-4DAD-9C02-E9B9EFC3FFC1}") = "Assembly-CSharp-firstpass", "Assembly-CSharp-firstpass.csproj", "{8BDC7143-CD57-2D22-4571-271C6F38E1D8}"
EndProject
Project("{E097FAD1-6243-4DAD-9C02-E9B9EFC3FFC1}") = "Assembly-CSharp", "Assembly-CSharp.csproj", "{80AEF4EA-4DB9-95EC-DA85-ED13ABD3984B}"
EndProject
Project("{E097FAD1-6243-4DAD-9C02-E9B9EFC3FFC1}") = "Assembly-CSharp-Editor", "Assembly-CSharp-Editor.csproj", "{8764C57B-E309-0948-33F8-922DF30BB220}"
EndProject
Project("{E097FAD1-6243-4DAD-9C02-E9B9EFC3FFC1}") = "Assembly-CSharp-Editor-firstpass", "Assembly-CSharp-Editor-firstpass.csproj", "{B64491AF-0D88-B5FC-47E5-EDD861FC2486}"
EndProject
Global
	GlobalSection(SolutionConfigurationPlatforms) = preSolution
		Debug|Any CPU = Debug|Any CPU
		Release|Any CPU = Release|Any CPU
	EndGlobalSection
	GlobalSection(ProjectConfigurationPlatforms) = postSolution
		{8BDC7143-CD57-2D22-4571-271C6F38E1D8}.Debug|Any CPU.ActiveCfg = Debug|Any CPU
		{8BDC7143-CD57-2D22-4571-271C6F38E1D8}.Debug|Any CPU.Build.0 = Debug|Any CPU
		{8BDC7143-CD57-2D22-4571-271C6F38E1D8}.Release|Any CPU.ActiveCfg = Release|Any CPU
		{8BDC7143-CD57-2D22-4571-271C6F38E1D8}.Release|Any CPU.Build.0 = Release|Any CPU
		{80AEF4EA-4DB9-95EC-DA85-ED13ABD3984B}.Debug|Any CPU.ActiveCfg = Debug|Any CPU
		{80AEF4EA-4DB9-95EC-DA85-ED13ABD3984B}.Debug|Any CPU.Build.0 = Debug|Any CPU
		{80AEF4EA-4DB9-95EC-DA85-ED13ABD3984B}.Release|Any CPU.ActiveCfg = Release|Any CPU
		{80AEF4EA-4DB9-95EC-DA85-ED13ABD3984B}.Release|Any CPU.Build.0 = Release|Any CPU
		{8764C57B-E309-0948-33F8-922DF30BB220}.Debug|Any CPU.ActiveCfg = Debug|Any CPU
		{8764C57B-E309-0948-33F8-922DF30BB220}.Debug|Any CPU.Build.0 = Debug|Any CPU
		{8764C57B-E309-0948-33F8-922DF30BB220}.Release|Any CPU.ActiveCfg = Release|Any CPU
		{8764C57B-E309-0948-33F8-922DF30BB220}.Release|Any CPU.Build.0 = Release|Any CPU
		{B64491AF-0D88-B5FC-47E5-EDD861FC2486}.Debug|Any CPU.ActiveCfg = Debug|Any CPU
		{B64491AF-0D88-B5FC-47E5-EDD861FC2486}.Debug|Any CPU.Build.0 = Debug|Any CPU
		{B64491AF-0D88-B5FC-47E5-EDD861FC2486}.Release|Any CPU.ActiveCfg = Release|Any CPU
		{B64491AF-0D88-B5FC-47E5-EDD861FC2486}.Release|Any CPU.Build.0 = Release|Any CPU
	EndGlobalSection
	GlobalSection(SolutionProperties) = preSolution
		HideSolutionNode = FALSE
	EndGlobalSection
	GlobalSection(MonoDevelopProperties) = preSolution
		StartupItem = Assembly-CSharp.csproj
	EndGlobalSection
EndGlobal
