Microsoft Visual Studio Solution File, Format Version 12.00
Project("{FAE04EC0-301F-11D3-BF4B-00C04F79EFBC}") = "Svelto.Tasks.Tests", "Packages\com.sebaslab.svelto.tasks\Svelto.Tasks.Tests~\Svelto.Tasks.Tests.csproj", "{2C7D004F-E150-4144-AA68-B30522E0B036}"
EndProject
Project("{FAE04EC0-301F-11D3-BF4B-00C04F79EFBC}") = "Svelto.Common", "Packages\com.sebaslab.svelto.common\Svelto.Common\Svelto.Common.csproj", "{E1260335-3724-44E4-A92C-9AFF70E0E01D}"
EndProject
Project("{FAE04EC0-301F-11D3-BF4B-00C04F79EFBC}") = "Svelto.Tasks", "Packages\com.sebaslab.svelto.tasks\Svelto.Tasks\Svelto.Tasks.csproj", "{E185A3BF-3605-42C2-93C5-8E60499D1A90}"
EndProject
Project("{FAE04EC0-301F-11D3-BF4B-00C04F79EFBC}") = "Svelto.Common.Tests", "Packages\com.sebaslab.svelto.common\Svelto.Common.Tests~\Svelto.Common.Tests.csproj", "{EE575CAD-290F-4089-9836-CAA31C3E7BC9}"
EndProject
Global
	GlobalSection(SolutionConfigurationPlatforms) = preSolution
		Debug|Any CPU = Debug|Any CPU
		Release|Any CPU = Release|Any CPU
	EndGlobalSection
	GlobalSection(ProjectConfigurationPlatforms) = postSolution
		{2C7D004F-E150-4144-AA68-B30522E0B036}.Debug|Any CPU.ActiveCfg = Debug|Any CPU
		{2C7D004F-E150-4144-AA68-B30522E0B036}.Debug|Any CPU.Build.0 = Debug|Any CPU
		{2C7D004F-E150-4144-AA68-B30522E0B036}.Release|Any CPU.ActiveCfg = Release|Any CPU
		{2C7D004F-E150-4144-AA68-B30522E0B036}.Release|Any CPU.Build.0 = Release|Any CPU
		{E1260335-3724-44E4-A92C-9AFF70E0E01D}.Debug|Any CPU.ActiveCfg = Debug|Any CPU
		{E1260335-3724-44E4-A92C-9AFF70E0E01D}.Debug|Any CPU.Build.0 = Debug|Any CPU
		{E1260335-3724-44E4-A92C-9AFF70E0E01D}.Release|Any CPU.ActiveCfg = Release|Any CPU
		{E1260335-3724-44E4-A92C-9AFF70E0E01D}.Release|Any CPU.Build.0 = Release|Any CPU
		{E185A3BF-3605-42C2-93C5-8E60499D1A90}.Debug|Any CPU.ActiveCfg = Debug|Any CPU
		{E185A3BF-3605-42C2-93C5-8E60499D1A90}.Debug|Any CPU.Build.0 = Debug|Any CPU
		{E185A3BF-3605-42C2-93C5-8E60499D1A90}.Release|Any CPU.ActiveCfg = Release|Any CPU
		{E185A3BF-3605-42C2-93C5-8E60499D1A90}.Release|Any CPU.Build.0 = Release|Any CPU
		{EE575CAD-290F-4089-9836-CAA31C3E7BC9}.Debug|Any CPU.ActiveCfg = Debug|Any CPU
		{EE575CAD-290F-4089-9836-CAA31C3E7BC9}.Debug|Any CPU.Build.0 = Debug|Any CPU
		{EE575CAD-290F-4089-9836-CAA31C3E7BC9}.Release|Any CPU.ActiveCfg = Release|Any CPU
		{EE575CAD-290F-4089-9836-CAA31C3E7BC9}.Release|Any CPU.Build.0 = Release|Any CPU
	EndGlobalSection
EndGlobal
